
Microsoft Visual Studio Solution File, Format Version 12.00
# Visual Studio 15
Project("{FAE04EC0-301F-11D3-BF4B-00C04F79EFBC}") = "Assembly-CSharp", "Assembly-CSharp.csproj", "{563E7A33-15B6-049C-E802-0055AF953ABF}"
EndProject
Project("{FAE04EC0-301F-11D3-BF4B-00C04F79EFBC}") = "Assembly-CSharp-Editor", "Assembly-CSharp-Editor.csproj", "{C4172B2A-BBCC-7701-D267-9E8D276ADD9E}"
EndProject
Global
	GlobalSection(SolutionConfigurationPlatforms) = preSolution
		Debug|Any CPU = Debug|Any CPU
		Release|Any CPU = Release|Any CPU
	EndGlobalSection
	GlobalSection(ProjectConfigurationPlatforms) = postSolution
		{563E7A33-15B6-049C-E802-0055AF953ABF}.Debug|Any CPU.ActiveCfg = Debug|Any CPU
		{563E7A33-15B6-049C-E802-0055AF953ABF}.Debug|Any CPU.Build.0 = Debug|Any CPU
		{563E7A33-15B6-049C-E802-0055AF953ABF}.Release|Any CPU.ActiveCfg = Release|Any CPU
		{563E7A33-15B6-049C-E802-0055AF953ABF}.Release|Any CPU.Build.0 = Release|Any CPU
		{C4172B2A-BBCC-7701-D267-9E8D276ADD9E}.Debug|Any CPU.ActiveCfg = Debug|Any CPU
		{C4172B2A-BBCC-7701-D267-9E8D276ADD9E}.Debug|Any CPU.Build.0 = Debug|Any CPU
		{C4172B2A-BBCC-7701-D267-9E8D276ADD9E}.Release|Any CPU.ActiveCfg = Release|Any CPU
		{C4172B2A-BBCC-7701-D267-9E8D276ADD9E}.Release|Any CPU.Build.0 = Release|Any CPU
	EndGlobalSection
	GlobalSection(SolutionProperties) = preSolution
		HideSolutionNode = FALSE
	EndGlobalSection
EndGlobal
